packages:
  apb:
    revision: null
    version: null
    source:
      Path: rtl/apb
    dependencies:
    - common_cells
  axi:
    revision: 2f395b176bee1c769c80f060a4345fda965bb04b
    version: 0.38.0
    source:
      Git: https://github.com/pulp-platform/axi.git
    dependencies:
    - common_cells
    - common_verification
    - tech_cells_generic
  common_cells:
    revision: null
    version: null
    source:
      Path: rtl/common_cells
    dependencies:
    - common_verification
    - tech_cells_generic
  common_verification:
    revision: null
    version: null
    source:
      Path: rtl/common_verification
    dependencies: []
  cve2:
    revision: null
    version: null
    source:
      Path: rtl/cve2
    dependencies:
    - common_cells
  idma:
    revision: null
    version: null
    source:
      Path: rtl/idma
    dependencies:
    - common_cells
    - obi
  obi:
    revision: null
    version: null
    source:
      Path: rtl/obi
    dependencies:
    - common_cells
    - common_verification
  obi_peripherals:
    revision: null
    version: null
    source:
      Path: rtl/obi_uart
    dependencies:
    - common_cells
    - obi
  opentitan_peripherals:
    revision: cd3153de2783abd3d03d0595e6c4b32413c62f14
    version: 0.4.0
    source:
      Git: https://github.com/pulp-platform/opentitan_peripherals.git
    dependencies:
    - common_cells
    - register_interface
    - tech_cells_generic
  register_interface:
    revision: 146501d80052b61475cdc333d3aab4cd769fd5dc
    version: 0.3.9
    source:
      Git: https://github.com/pulp-platform/register_interface.git
    dependencies:
    - apb
    - axi
    - common_cells
  riscv-dbg:
    revision: null
    version: null
    source:
      Path: rtl/riscv-dbg
    dependencies:
    - common_cells
    - tech_cells_generic
  sdhci:
    revision: 980f23f5929d26cf9333989739a19473ae3010d7
    version: null
    source:
      Git: https://github.com/phsauter/sdhci.git
    dependencies:
    - axi
    - common_cells
    - common_verification
    - obi
    - opentitan_peripherals
    - register_interface
  tech_cells_generic:
    revision: null
    version: null
    source:
      Path: rtl/tech_cells_generic
    dependencies:
    - common_verification
